
Microsoft Visual Studio Solution File, Format Version 12.00
# Visual Studio Version 17
VisualStudioVersion = 17.4.33213.308
MinimumVisualStudioVersion = 10.0.40219.1
Project("{9A19103F-16F7-4668-BE54-9A1E7A4F7556}") = "VKStore.WebApp", "VKStore.WebApp\VKStore.WebApp.csproj", "{830961C9-7136-4B77-B43E-F2730CA4D205}"
EndProject
Project("{9A19103F-16F7-4668-BE54-9A1E7A4F7556}") = "VKStore.Application", "VKStore.Application\VKStore.Application.csproj", "{53732B7F-510D-4139-8850-F2335A8C9110}"
EndProject
Project("{9A19103F-16F7-4668-BE54-9A1E7A4F7556}") = "VKStore.Data", "VKStore.Data\VKStore.Data.csproj", "{B78DFF08-9C6C-4CAD-85F3-969AA667EC84}"
EndProject
Project("{9A19103F-16F7-4668-BE54-9A1E7A4F7556}") = "VKStore.Ultilities", "VKStore.Ultilities\VKStore.Ultilities.csproj", "{0AE16449-88F6-47A1-A454-14C160CDBE22}"
EndProject
Project("{9A19103F-16F7-4668-BE54-9A1E7A4F7556}") = "VKStore.ViewModels", "VKStore.ViewModels\VKStore.ViewModels.csproj", "{6CD547A3-CF1C-416D-ADF8-01D12D2A7CE7}"
EndProject
Project("{9A19103F-16F7-4668-BE54-9A1E7A4F7556}") = "VKStore.BackendAPI", "VKStore.BackendAPI\VKStore.BackendAPI.csproj", "{65F17B94-B461-4A69-8A86-ADDE172BA5F2}"
EndProject
Project("{2150E333-8FDC-42A3-9474-1A3956D46DE8}") = "0. Solution Items", "0. Solution Items", "{F2E77DAA-25F7-465B-8640-9FE011D70919}"
EndProject
Project("{2150E333-8FDC-42A3-9474-1A3956D46DE8}") = "1. Infrastructure", "1. Infrastructure", "{9DEF1B4B-8707-4965-90E6-7D45D1B481E4}"
EndProject
Project("{2150E333-8FDC-42A3-9474-1A3956D46DE8}") = "2. Domain", "2. Domain", "{339B5890-F43C-4686-B977-8FE0208D2808}"
EndProject
Project("{2150E333-8FDC-42A3-9474-1A3956D46DE8}") = "3. Host", "3. Host", "{591C5C85-6986-4875-88D2-825DB7B2194E}"
EndProject
Project("{2150E333-8FDC-42A3-9474-1A3956D46DE8}") = "3. Hosts", "3. Hosts", "{56807B28-773F-4908-9876-C4CB472454C7}"
EndProject
Project("{9A19103F-16F7-4668-BE54-9A1E7A4F7556}") = "VKStore.AdminApp", "VKStore.AdminApp\VKStore.AdminApp.csproj", "{FF7AA793-BB55-43CF-9C4D-9610B1B29B3A}"
EndProject
Project("{9A19103F-16F7-4668-BE54-9A1E7A4F7556}") = "VKStore.ApiIntergration", "VKStore.ApiIntergration\VKStore.ApiIntergration.csproj", "{2003E159-BF42-42B9-B636-B41E295E6A32}"
EndProject
Global
	GlobalSection(SolutionConfigurationPlatforms) = preSolution
		Debug|Any CPU = Debug|Any CPU
		Release|Any CPU = Release|Any CPU
	EndGlobalSection
	GlobalSection(ProjectConfigurationPlatforms) = postSolution
		{830961C9-7136-4B77-B43E-F2730CA4D205}.Debug|Any CPU.ActiveCfg = Debug|Any CPU
		{830961C9-7136-4B77-B43E-F2730CA4D205}.Debug|Any CPU.Build.0 = Debug|Any CPU
		{830961C9-7136-4B77-B43E-F2730CA4D205}.Release|Any CPU.ActiveCfg = Release|Any CPU
		{830961C9-7136-4B77-B43E-F2730CA4D205}.Release|Any CPU.Build.0 = Release|Any CPU
		{53732B7F-510D-4139-8850-F2335A8C9110}.Debug|Any CPU.ActiveCfg = Debug|Any CPU
		{53732B7F-510D-4139-8850-F2335A8C9110}.Debug|Any CPU.Build.0 = Debug|Any CPU
		{53732B7F-510D-4139-8850-F2335A8C9110}.Release|Any CPU.ActiveCfg = Release|Any CPU
		{53732B7F-510D-4139-8850-F2335A8C9110}.Release|Any CPU.Build.0 = Release|Any CPU
		{B78DFF08-9C6C-4CAD-85F3-969AA667EC84}.Debug|Any CPU.ActiveCfg = Release|Any CPU
		{B78DFF08-9C6C-4CAD-85F3-969AA667EC84}.Debug|Any CPU.Build.0 = Release|Any CPU
		{B78DFF08-9C6C-4CAD-85F3-969AA667EC84}.Release|Any CPU.ActiveCfg = Release|Any CPU
		{B78DFF08-9C6C-4CAD-85F3-969AA667EC84}.Release|Any CPU.Build.0 = Release|Any CPU
		{0AE16449-88F6-47A1-A454-14C160CDBE22}.Debug|Any CPU.ActiveCfg = Release|Any CPU
		{0AE16449-88F6-47A1-A454-14C160CDBE22}.Debug|Any CPU.Build.0 = Release|Any CPU
		{0AE16449-88F6-47A1-A454-14C160CDBE22}.Release|Any CPU.ActiveCfg = Release|Any CPU
		{0AE16449-88F6-47A1-A454-14C160CDBE22}.Release|Any CPU.Build.0 = Release|Any CPU
		{6CD547A3-CF1C-416D-ADF8-01D12D2A7CE7}.Debug|Any CPU.ActiveCfg = Release|Any CPU
		{6CD547A3-CF1C-416D-ADF8-01D12D2A7CE7}.Debug|Any CPU.Build.0 = Release|Any CPU
		{6CD547A3-CF1C-416D-ADF8-01D12D2A7CE7}.Release|Any CPU.ActiveCfg = Release|Any CPU
		{6CD547A3-CF1C-416D-ADF8-01D12D2A7CE7}.Release|Any CPU.Build.0 = Release|Any CPU
		{65F17B94-B461-4A69-8A86-ADDE172BA5F2}.Debug|Any CPU.ActiveCfg = Debug|Any CPU
		{65F17B94-B461-4A69-8A86-ADDE172BA5F2}.Debug|Any CPU.Build.0 = Debug|Any CPU
		{65F17B94-B461-4A69-8A86-ADDE172BA5F2}.Release|Any CPU.ActiveCfg = Release|Any CPU
		{65F17B94-B461-4A69-8A86-ADDE172BA5F2}.Release|Any CPU.Build.0 = Release|Any CPU
		{FF7AA793-BB55-43CF-9C4D-9610B1B29B3A}.Debug|Any CPU.ActiveCfg = Debug|Any CPU
		{FF7AA793-BB55-43CF-9C4D-9610B1B29B3A}.Debug|Any CPU.Build.0 = Debug|Any CPU
		{FF7AA793-BB55-43CF-9C4D-9610B1B29B3A}.Release|Any CPU.ActiveCfg = Release|Any CPU
		{FF7AA793-BB55-43CF-9C4D-9610B1B29B3A}.Release|Any CPU.Build.0 = Release|Any CPU
		{2003E159-BF42-42B9-B636-B41E295E6A32}.Debug|Any CPU.ActiveCfg = Debug|Any CPU
		{2003E159-BF42-42B9-B636-B41E295E6A32}.Debug|Any CPU.Build.0 = Debug|Any CPU
		{2003E159-BF42-42B9-B636-B41E295E6A32}.Release|Any CPU.ActiveCfg = Release|Any CPU
		{2003E159-BF42-42B9-B636-B41E295E6A32}.Release|Any CPU.Build.0 = Release|Any CPU
	EndGlobalSection
	GlobalSection(SolutionProperties) = preSolution
		HideSolutionNode = FALSE
	EndGlobalSection
	GlobalSection(NestedProjects) = preSolution
		{830961C9-7136-4B77-B43E-F2730CA4D205} = {56807B28-773F-4908-9876-C4CB472454C7}
		{53732B7F-510D-4139-8850-F2335A8C9110} = {339B5890-F43C-4686-B977-8FE0208D2808}
		{B78DFF08-9C6C-4CAD-85F3-969AA667EC84} = {339B5890-F43C-4686-B977-8FE0208D2808}
		{0AE16449-88F6-47A1-A454-14C160CDBE22} = {9DEF1B4B-8707-4965-90E6-7D45D1B481E4}
		{6CD547A3-CF1C-416D-ADF8-01D12D2A7CE7} = {9DEF1B4B-8707-4965-90E6-7D45D1B481E4}
		{65F17B94-B461-4A69-8A86-ADDE172BA5F2} = {56807B28-773F-4908-9876-C4CB472454C7}
		{FF7AA793-BB55-43CF-9C4D-9610B1B29B3A} = {56807B28-773F-4908-9876-C4CB472454C7}
		{2003E159-BF42-42B9-B636-B41E295E6A32} = {56807B28-773F-4908-9876-C4CB472454C7}
	EndGlobalSection
	GlobalSection(ExtensibilityGlobals) = postSolution
		SolutionGuid = {31F9225D-1812-4451-B29C-67DC80F5EBA2}
	EndGlobalSection
EndGlobal
